{
  "name": "HelloID",
  "lockfileVersion": 3,
  "requires": true,
  "packages": {
    "": {
      "dependencies": {
        "dexpro": "^7.1.0",
        "helloid": "^7.1.0"
      }
    },
    "node_modules/dexpro": {
      "version": "7.1.0",
      "resolved": "https://registry.npmjs.org/dexpro/-/dexpro-7.1.0.tgz",
      "integrity": "sha512-useslRhYnaMDjwjZrqkYhlG8VY0XW3SpG0zpdWPpRafRg+YhIC38jak+r1OP43umx7d7XIc162SUzgIUTDwgvw==",
      "license": "MIT",
      "engines": {
        "node": ">=14.0.0"
      }
    },
    "node_modules/helloid": {
      "version": "7.1.0",
      "resolved": "https://registry.npmjs.org/helloid/-/helloid-7.1.0.tgz",
      "integrity": "sha512-iKFAmaNfvpIjwmofr5wnKQ0Zo8/t9+Y7uGAm6AL+y8UJaJAQcpQkeCbG+CJMMnv4ahxl1osq5kEWHqYXu88hMw==",
      "license": "MIT",
      "engines": {
        "node": ">=14.0.0"
      }
    }
  }
}
